// !$*UTF8*$!
{
	archiveVersion = 1;
	classes = {
	};
	objectVersion = 46;
	objects = {

/* Begin PBXBuildFile section */
		9B35D3481F05245C002EFBB0 /* AppDelegate.swift in Sources */ = {isa = PBXBuildFile; fileRef = 9B35D3471F05245C002EFBB0 /* AppDelegate.swift */; };
		9B35D34A1F05245C002EFBB0 /* ViewController.swift in Sources */ = {isa = PBXBuildFile; fileRef = 9B35D3491F05245C002EFBB0 /* ViewController.swift */; };
		9B35D34D1F05245C002EFBB0 /* Main.storyboard in Resources */ = {isa = PBXBuildFile; fileRef = 9B35D34B1F05245C002EFBB0 /* Main.storyboard */; };
		9B35D34F1F05245C002EFBB0 /* Assets.xcassets in Resources */ = {isa = PBXBuildFile; fileRef = 9B35D34E1F05245C002EFBB0 /* Assets.xcassets */; };
		9B35D3521F05245C002EFBB0 /* LaunchScreen.storyboard in Resources */ = {isa = PBXBuildFile; fileRef = 9B35D3501F05245C002EFBB0 /* LaunchScreen.storyboard */; };
		9B35D35D1F05245C002EFBB0 /* TimeSkillsTests.swift in Sources */ = {isa = PBXBuildFile; fileRef = 9B35D35C1F05245C002EFBB0 /* TimeSkillsTests.swift */; };
		9B35D3681F05245C002EFBB0 /* TimeSkillsUITests.swift in Sources */ = {isa = PBXBuildFile; fileRef = 9B35D3671F05245C002EFBB0 /* TimeSkillsUITests.swift */; };
/* End PBXBuildFile section */

/* Begin PBXContainerItemProxy section */
		9B35D3591F05245C002EFBB0 /* PBXContainerItemProxy */ = {
			isa = PBXContainerItemProxy;
			containerPortal = 9B35D33C1F05245B002EFBB0 /* Project object */;
			proxyType = 1;
			remoteGlobalIDString = 9B35D3431F05245C002EFBB0;
			remoteInfo = TimeSkills;
		};
		9B35D3641F05245C002EFBB0 /* PBXContainerItemProxy */ = {
			isa = PBXContainerItemProxy;
			containerPortal = 9B35D33C1F05245B002EFBB0 /* Project object */;
			proxyType = 1;
			remoteGlobalIDString = 9B35D3431F05245C002EFBB0;
			remoteInfo = TimeSkills;
		};
/* End PBXContainerItemProxy section */

/* Begin PBXFileReference section */
		9B35D3441F05245C002EFBB0 /* TimeSkills.app */ = {isa = PBXFileReference; explicitFileType = wrapper.application; includeInIndex = 0; path = TimeSkills.app; sourceTree = BUILT_PRODUCTS_DIR; };
		9B35D3471F05245C002EFBB0 /* AppDelegate.swift */ = {isa = PBXFileReference; lastKnownFileType = sourcecode.swift; path = AppDelegate.swift; sourceTree = "<group>"; };
		9B35D3491F05245C002EFBB0 /* ViewController.swift */ = {isa = PBXFileReference; lastKnownFileType = sourcecode.swift; path = ViewController.swift; sourceTree = "<group>"; };
		9B35D34C1F05245C002EFBB0 /* Base */ = {isa = PBXFileReference; lastKnownFileType = file.storyboard; name = Base; path = Base.lproj/Main.storyboard; sourceTree = "<group>"; };
		9B35D34E1F05245C002EFBB0 /* Assets.xcassets */ = {isa = PBXFileReference; lastKnownFileType = folder.assetcatalog; path = Assets.xcassets; sourceTree = "<group>"; };
		9B35D3511F05245C002EFBB0 /* Base */ = {isa = PBXFileReference; lastKnownFileType = file.storyboard; name = Base; path = Base.lproj/LaunchScreen.storyboard; sourceTree = "<group>"; };
		9B35D3531F05245C002EFBB0 /* Info.plist */ = {isa = PBXFileReference; lastKnownFileType = text.plist.xml; path = Info.plist; sourceTree = "<group>"; };
		9B35D3581F05245C002EFBB0 /* TimeSkillsTests.xctest */ = {isa = PBXFileReference; explicitFileType = wrapper.cfbundle; includeInIndex = 0; path = TimeSkillsTests.xctest; sourceTree = BUILT_PRODUCTS_DIR; };
		9B35D35C1F05245C002EFBB0 /* TimeSkillsTests.swift */ = {isa = PBXFileReference; lastKnownFileType = sourcecode.swift; path = TimeSkillsTests.swift; sourceTree = "<group>"; };
		9B35D35E1F05245C002EFBB0 /* Info.plist */ = {isa = PBXFileReference; lastKnownFileType = text.plist.xml; path = Info.plist; sourceTree = "<group>"; };
		9B35D3631F05245C002EFBB0 /* TimeSkillsUITests.xctest */ = {isa = PBXFileReference; explicitFileType = wrapper.cfbundle; includeInIndex = 0; path = TimeSkillsUITests.xctest; sourceTree = BUILT_PRODUCTS_DIR; };
		9B35D3671F05245C002EFBB0 /* TimeSkillsUITests.swift */ = {isa = PBXFileReference; lastKnownFileType = sourcecode.swift; path = TimeSkillsUITests.swift; sourceTree = "<group>"; };
		9B35D3691F05245C002EFBB0 /* Info.plist */ = {isa = PBXFileReference; lastKnownFileType = text.plist.xml; path = Info.plist; sourceTree = "<group>"; };
/* End PBXFileReference section */

/* Begin PBXFrameworksBuildPhase section */
		9B35D3411F05245C002EFBB0 /* Frameworks */ = {
			isa = PBXFrameworksBuildPhase;
			buildActionMask = 2147483647;
			files = (
			);
			runOnlyForDeploymentPostprocessing = 0;
		};
		9B35D3551F05245C002EFBB0 /* Frameworks */ = {
			isa = PBXFrameworksBuildPhase;
			buildActionMask = 2147483647;
			files = (
			);
			runOnlyForDeploymentPostprocessing = 0;
		};
		9B35D3601F05245C002EFBB0 /* Frameworks */ = {
			isa = PBXFrameworksBuildPhase;
			buildActionMask = 2147483647;
			files = (
			);
			runOnlyForDeploymentPostprocessing = 0;
		};
/* End PBXFrameworksBuildPhase section */

/* Begin PBXGroup section */
		9B35D33B1F05245B002EFBB0 = {
			isa = PBXGroup;
			children = (
				9B35D3461F05245C002EFBB0 /* TimeSkills */,
				9B35D35B1F05245C002EFBB0 /* TimeSkillsTests */,
				9B35D3661F05245C002EFBB0 /* TimeSkillsUITests */,
				9B35D3451F05245C002EFBB0 /* Products */,
			);
			sourceTree = "<group>";
		};
		9B35D3451F05245C002EFBB0 /* Products */ = {
			isa = PBXGroup;
			children = (
				9B35D3441F05245C002EFBB0 /* TimeSkills.app */,
				9B35D3581F05245C002EFBB0 /* TimeSkillsTests.xctest */,
				9B35D3631F05245C002EFBB0 /* TimeSkillsUITests.xctest */,
			);
			name = Products;
			sourceTree = "<group>";
		};
		9B35D3461F05245C002EFBB0 /* TimeSkills */ = {
			isa = PBXGroup;
			children = (
				9B35D3471F05245C002EFBB0 /* AppDelegate.swift */,
				9B35D3491F05245C002EFBB0 /* ViewController.swift */,
				9B35D34B1F05245C002EFBB0 /* Main.storyboard */,
				9B35D34E1F05245C002EFBB0 /* Assets.xcassets */,
				9B35D3501F05245C002EFBB0 /* LaunchScreen.storyboard */,
				9B35D3531F05245C002EFBB0 /* Info.plist */,
			);
			path = TimeSkills;
			sourceTree = "<group>";
		};
		9B35D35B1F05245C002EFBB0 /* TimeSkillsTests */ = {
			isa = PBXGroup;
			children = (
				9B35D35C1F05245C002EFBB0 /* TimeSkillsTests.swift */,
				9B35D35E1F05245C002EFBB0 /* Info.plist */,
			);
			path = TimeSkillsTests;
			sourceTree = "<group>";
		};
		9B35D3661F05245C002EFBB0 /* TimeSkillsUITests */ = {
			isa = PBXGroup;
			children = (
				9B35D3671F05245C002EFBB0 /* TimeSkillsUITests.swift */,
				9B35D3691F05245C002EFBB0 /* Info.plist */,
			);
			path = TimeSkillsUITests;
			sourceTree = "<group>";
		};
/* End PBXGroup section */

/* Begin PBXNativeTarget section */
		9B35D3431F05245C002EFBB0 /* TimeSkills */ = {
			isa = PBXNativeTarget;
			buildConfigurationList = 9B35D36C1F05245C002EFBB0 /* Build configuration list for PBXNativeTarget "TimeSkills" */;
			buildPhases = (
				9B35D3401F05245C002EFBB0 /* Sources */,
				9B35D3411F05245C002EFBB0 /* Frameworks */,
				9B35D3421F05245C002EFBB0 /* Resources */,
			);
			buildRules = (
			);
			dependencies = (
			);
			name = TimeSkills;
			productName = TimeSkills;
			productReference = 9B35D3441F05245C002EFBB0 /* TimeSkills.app */;
			productType = "com.apple.product-type.application";
		};
		9B35D3571F05245C002EFBB0 /* TimeSkillsTests */ = {
			isa = PBXNativeTarget;
			buildConfigurationList = 9B35D36F1F05245C002EFBB0 /* Build configuration list for PBXNativeTarget "TimeSkillsTests" */;
			buildPhases = (
				9B35D3541F05245C002EFBB0 /* Sources */,
				9B35D3551F05245C002EFBB0 /* Frameworks */,
				9B35D3561F05245C002EFBB0 /* Resources */,
			);
			buildRules = (
			);
			dependencies = (
				9B35D35A1F05245C002EFBB0 /* PBXTargetDependency */,
			);
			name = TimeSkillsTests;
			productName = TimeSkillsTests;
			productReference = 9B35D3581F05245C002EFBB0 /* TimeSkillsTests.xctest */;
			productType = "com.apple.product-type.bundle.unit-test";
		};
		9B35D3621F05245C002EFBB0 /* TimeSkillsUITests */ = {
			isa = PBXNativeTarget;
			buildConfigurationList = 9B35D3721F05245C002EFBB0 /* Build configuration list for PBXNativeTarget "TimeSkillsUITests" */;
			buildPhases = (
				9B35D35F1F05245C002EFBB0 /* Sources */,
				9B35D3601F05245C002EFBB0 /* Frameworks */,
				9B35D3611F05245C002EFBB0 /* Resources */,
			);
			buildRules = (
			);
			dependencies = (
				9B35D3651F05245C002EFBB0 /* PBXTargetDependency */,
			);
			name = TimeSkillsUITests;
			productName = TimeSkillsUITests;
			productReference = 9B35D3631F05245C002EFBB0 /* TimeSkillsUITests.xctest */;
			productType = "com.apple.product-type.bundle.ui-testing";
		};
/* End PBXNativeTarget section */

/* Begin PBXProject section */
		9B35D33C1F05245B002EFBB0 /* Project object */ = {
			isa = PBXProject;
			attributes = {
				LastSwiftUpdateCheck = 0830;
				LastUpgradeCheck = 0830;
				ORGANIZATIONNAME = "Luke Bousfield";
				TargetAttributes = {
					9B35D3431F05245C002EFBB0 = {
						CreatedOnToolsVersion = 8.3.3;
						ProvisioningStyle = Automatic;
					};
					9B35D3571F05245C002EFBB0 = {
						CreatedOnToolsVersion = 8.3.3;
						ProvisioningStyle = Automatic;
						TestTargetID = 9B35D3431F05245C002EFBB0;
					};
					9B35D3621F05245C002EFBB0 = {
						CreatedOnToolsVersion = 8.3.3;
						ProvisioningStyle = Automatic;
						TestTargetID = 9B35D3431F05245C002EFBB0;
					};
				};
			};
			buildConfigurationList = 9B35D33F1F05245B002EFBB0 /* Build configuration list for PBXProject "TimeSkills" */;
			compatibilityVersion = "Xcode 3.2";
			developmentRegion = English;
			hasScannedForEncodings = 0;
			knownRegions = (
				en,
				Base,
			);
			mainGroup = 9B35D33B1F05245B002EFBB0;
			productRefGroup = 9B35D3451F05245C002EFBB0 /* Products */;
			projectDirPath = "";
			projectRoot = "";
			targets = (
				9B35D3431F05245C002EFBB0 /* TimeSkills */,
				9B35D3571F05245C002EFBB0 /* TimeSkillsTests */,
				9B35D3621F05245C002EFBB0 /* TimeSkillsUITests */,
			);
		};
/* End PBXProject section */

/* Begin PBXResourcesBuildPhase section */
		9B35D3421F05245C002EFBB0 /* Resources */ = {
			isa = PBXResourcesBuildPhase;
			buildActionMask = 2147483647;
			files = (
				9B35D3521F05245C002EFBB0 /* LaunchScreen.storyboard in Resources */,
				9B35D34F1F05245C002EFBB0 /* Assets.xcassets in Resources */,
				9B35D34D1F05245C002EFBB0 /* Main.storyboard in Resources */,
			);
			runOnlyForDeploymentPostprocessing = 0;
		};
		9B35D3561F05245C002EFBB0 /* Resources */ = {
			isa = PBXResourcesBuildPhase;
			buildActionMask = 2147483647;
			files = (
			);
			runOnlyForDeploymentPostprocessing = 0;
		};
		9B35D3611F05245C002EFBB0 /* Resources */ = {
			isa = PBXResourcesBuildPhase;
			buildActionMask = 2147483647;
			files = (
			);
			runOnlyForDeploymentPostprocessing = 0;
		};
/* End PBXResourcesBuildPhase section */

/* Begin PBXSourcesBuildPhase section */
		9B35D3401F05245C002EFBB0 /* Sources */ = {
			isa = PBXSourcesBuildPhase;
			buildActionMask = 2147483647;
			files = (
				9B35D34A1F05245C002EFBB0 /* ViewController.swift in Sources */,
				9B35D3481F05245C002EFBB0 /* AppDelegate.swift in Sources */,
			);
			runOnlyForDeploymentPostprocessing = 0;
		};
		9B35D3541F05245C002EFBB0 /* Sources */ = {
			isa = PBXSourcesBuildPhase;
			buildActionMask = 2147483647;
			files = (
				9B35D35D1F05245C002EFBB0 /* TimeSkillsTests.swift in Sources */,
			);
			runOnlyForDeploymentPostprocessing = 0;
		};
		9B35D35F1F05245C002EFBB0 /* Sources */ = {
			isa = PBXSourcesBuildPhase;
			buildActionMask = 2147483647;
			files = (
				9B35D3681F05245C002EFBB0 /* TimeSkillsUITests.swift in Sources */,
			);
			runOnlyForDeploymentPostprocessing = 0;
		};
/* End PBXSourcesBuildPhase section */

/* Begin PBXTargetDependency section */
		9B35D35A1F05245C002EFBB0 /* PBXTargetDependency */ = {
			isa = PBXTargetDependency;
			target = 9B35D3431F05245C002EFBB0 /* TimeSkills */;
			targetProxy = 9B35D3591F05245C002EFBB0 /* PBXContainerItemProxy */;
		};
		9B35D3651F05245C002EFBB0 /* PBXTargetDependency */ = {
			isa = PBXTargetDependency;
			target = 9B35D3431F05245C002EFBB0 /* TimeSkills */;
			targetProxy = 9B35D3641F05245C002EFBB0 /* PBXContainerItemProxy */;
		};
/* End PBXTargetDependency section */

/* Begin PBXVariantGroup section */
		9B35D34B1F05245C002EFBB0 /* Main.storyboard */ = {
			isa = PBXVariantGroup;
			children = (
				9B35D34C1F05245C002EFBB0 /* Base */,
			);
			name = Main.storyboard;
			sourceTree = "<group>";
		};
		9B35D3501F05245C002EFBB0 /* LaunchScreen.storyboard */ = {
			isa = PBXVariantGroup;
			children = (
				9B35D3511F05245C002EFBB0 /* Base */,
			);
			name = LaunchScreen.storyboard;
			sourceTree = "<group>";
		};
/* End PBXVariantGroup section */

/* Begin XCBuildConfiguration section */
		9B35D36A1F05245C002EFBB0 /* Debug */ = {
			isa = XCBuildConfiguration;
			buildSettings = {
				ALWAYS_SEARCH_USER_PATHS = NO;
				CLANG_ANALYZER_NONNULL = YES;
				CLANG_ANALYZER_NUMBER_OBJECT_CONVERSION = YES_AGGRESSIVE;
				CLANG_CXX_LANGUAGE_STANDARD = "gnu++0x";
				CLANG_CXX_LIBRARY = "libc++";
				CLANG_ENABLE_MODULES = YES;
				CLANG_ENABLE_OBJC_ARC = YES;
				CLANG_WARN_BOOL_CONVERSION = YES;
				CLANG_WARN_CONSTANT_CONVERSION = YES;
				CLANG_WARN_DIRECT_OBJC_ISA_USAGE = YES_ERROR;
				CLANG_WARN_DOCUMENTATION_COMMENTS = YES;
				CLANG_WARN_EMPTY_BODY = YES;
				CLANG_WARN_ENUM_CONVERSION = YES;
				CLANG_WARN_INFINITE_RECURSION = YES;
				CLANG_WARN_INT_CONVERSION = YES;
				CLANG_WARN_OBJC_ROOT_CLASS = YES_ERROR;
				CLANG_WARN_SUSPICIOUS_MOVE = YES;
				CLANG_WARN_UNREACHABLE_CODE = YES;
				CLANG_WARN__DUPLICATE_METHOD_MATCH = YES;
				"CODE_SIGN_IDENTITY[sdk=iphoneos*]" = "iPhone Developer";
				COPY_PHASE_STRIP = NO;
				DEBUG_INFORMATION_FORMAT = dwarf;
				ENABLE_STRICT_OBJC_MSGSEND = YES;
				ENABLE_TESTABILITY = YES;
				GCC_C_LANGUAGE_STANDARD = gnu99;
				GCC_DYNAMIC_NO_PIC = NO;
				GCC_NO_COMMON_BLOCKS = YES;
				GCC_OPTIMIZATION_LEVEL = 0;
				GCC_PREPROCESSOR_DEFINITIONS = (
					"DEBUG=1",
					"$(inherited)",
				);
				GCC_WARN_64_TO_32_BIT_CONVERSION = YES;
				GCC_WARN_ABOUT_RETURN_TYPE = YES_ERROR;
				GCC_WARN_UNDECLARED_SELECTOR = YES;
				GCC_WARN_UNINITIALIZED_AUTOS = YES_AGGRESSIVE;
				GCC_WARN_UNUSED_FUNCTION = YES;
				GCC_WARN_UNUSED_VARIABLE = YES;
				IPHONEOS_DEPLOYMENT_TARGET = 10.3;
				MTL_ENABLE_DEBUG_INFO = YES;
				ONLY_ACTIVE_ARCH = YES;
				SDKROOT = iphoneos;
				SWIFT_ACTIVE_COMPILATION_CONDITIONS = DEBUG;
				SWIFT_OPTIMIZATION_LEVEL = "-Onone";
				TARGETED_DEVICE_FAMILY = "1,2";
			};
			name = Debug;
		};
		9B35D36B1F05245C002EFBB0 /* Release */ = {
			isa = XCBuildConfiguration;
			buildSettings = {
				ALWAYS_SEARCH_USER_PATHS = NO;
				CLANG_ANALYZER_NONNULL = YES;
				CLANG_ANALYZER_NUMBER_OBJECT_CONVERSION = YES_AGGRESSIVE;
				CLANG_CXX_LANGUAGE_STANDARD = "gnu++0x";
				CLANG_CXX_LIBRARY = "libc++";
				CLANG_ENABLE_MODULES = YES;
				CLANG_ENABLE_OBJC_ARC = YES;
				CLANG_WARN_BOOL_CONVERSION = YES;
				CLANG_WARN_CONSTANT_CONVERSION = YES;
				CLANG_WARN_DIRECT_OBJC_ISA_USAGE = YES_ERROR;
				CLANG_WARN_DOCUMENTATION_COMMENTS = YES;
				CLANG_WARN_EMPTY_BODY = YES;
				CLANG_WARN_ENUM_CONVERSION = YES;
				CLANG_WARN_INFINITE_RECURSION = YES;
				CLANG_WARN_INT_CONVERSION = YES;
				CLANG_WARN_OBJC_ROOT_CLASS = YES_ERROR;
				CLANG_WARN_SUSPICIOUS_MOVE = YES;
				CLANG_WARN_UNREACHABLE_CODE = YES;
				CLANG_WARN__DUPLICATE_METHOD_MATCH = YES;
				"CODE_SIGN_IDENTITY[sdk=iphoneos*]" = "iPhone Developer";
				COPY_PHASE_STRIP = NO;
				DEBUG_INFORMATION_FORMAT = "dwarf-with-dsym";
				ENABLE_NS_ASSERTIONS = NO;
				ENABLE_STRICT_OBJC_MSGSEND = YES;
				GCC_C_LANGUAGE_STANDARD = gnu99;
				GCC_NO_COMMON_BLOCKS = YES;
				GCC_WARN_64_TO_32_BIT_CONVERSION = YES;
				GCC_WARN_ABOUT_RETURN_TYPE = YES_ERROR;
				GCC_WARN_UNDECLARED_SELECTOR = YES;
				GCC_WARN_UNINITIALIZED_AUTOS = YES_AGGRESSIVE;
				GCC_WARN_UNUSED_FUNCTION = YES;
				GCC_WARN_UNUSED_VARIABLE = YES;
				IPHONEOS_DEPLOYMENT_TARGET = 10.3;
				MTL_ENABLE_DEBUG_INFO = NO;
				SDKROOT = iphoneos;
				SWIFT_OPTIMIZATION_LEVEL = "-Owholemodule";
				TARGETED_DEVICE_FAMILY = "1,2";
				VALIDATE_PRODUCT = YES;
			};
			name = Release;
		};
		9B35D36D1F05245C002EFBB0 /* Debug */ = {
			isa = XCBuildConfiguration;
			buildSettings = {
				ASSETCATALOG_COMPILER_APPICON_NAME = AppIcon;
				INFOPLIST_FILE = TimeSkills/Info.plist;
				LD_RUNPATH_SEARCH_PATHS = "$(inherited) @executable_path/Frameworks";
				PRODUCT_BUNDLE_IDENTIFIER = com.Protodevs.TimeSkills;
				PRODUCT_NAME = "$(TARGET_NAME)";
				SWIFT_VERSION = 3.0;
			};
			name = Debug;
		};
		9B35D36E1F05245C002EFBB0 /* Release */ = {
			isa = XCBuildConfiguration;
			buildSettings = {
				ASSETCATALOG_COMPILER_APPICON_NAME = AppIcon;
				INFOPLIST_FILE = TimeSkills/Info.plist;
				LD_RUNPATH_SEARCH_PATHS = "$(inherited) @executable_path/Frameworks";
				PRODUCT_BUNDLE_IDENTIFIER = com.Protodevs.TimeSkills;
				PRODUCT_NAME = "$(TARGET_NAME)";
				SWIFT_VERSION = 3.0;
			};
			name = Release;
		};
		9B35D3701F05245C002EFBB0 /* Debug */ = {
			isa = XCBuildConfiguration;
			buildSettings = {
				ALWAYS_EMBED_SWIFT_STANDARD_LIBRARIES = YES;
				BUNDLE_LOADER = "$(TEST_HOST)";
				INFOPLIST_FILE = TimeSkillsTests/Info.plist;
				LD_RUNPATH_SEARCH_PATHS = "$(inherited) @executable_path/Frameworks @loader_path/Frameworks";
				PRODUCT_BUNDLE_IDENTIFIER = com.Protodevs.TimeSkillsTests;
				PRODUCT_NAME = "$(TARGET_NAME)";
				SWIFT_VERSION = 3.0;
				TEST_HOST = "$(BUILT_PRODUCTS_DIR)/TimeSkills.app/TimeSkills";
			};
			name = Debug;
		};
		9B35D3711F05245C002EFBB0 /* Release */ = {
			isa = XCBuildConfiguration;
			buildSettings = {
				ALWAYS_EMBED_SWIFT_STANDARD_LIBRARIES = YES;
				BUNDLE_LOADER = "$(TEST_HOST)";
				INFOPLIST_FILE = TimeSkillsTests/Info.plist;
				LD_RUNPATH_SEARCH_PATHS = "$(inherited) @executable_path/Frameworks @loader_path/Frameworks";
				PRODUCT_BUNDLE_IDENTIFIER = com.Protodevs.TimeSkillsTests;
				PRODUCT_NAME = "$(TARGET_NAME)";
				SWIFT_VERSION = 3.0;
				TEST_HOST = "$(BUILT_PRODUCTS_DIR)/TimeSkills.app/TimeSkills";
			};
			name = Release;
		};
		9B35D3731F05245C002EFBB0 /* Debug */ = {
			isa = XCBuildConfiguration;
			buildSettings = {
				ALWAYS_EMBED_SWIFT_STANDARD_LIBRARIES = YES;
				INFOPLIST_FILE = TimeSkillsUITests/Info.plist;
				LD_RUNPATH_SEARCH_PATHS = "$(inherited) @executable_path/Frameworks @loader_path/Frameworks";
				PRODUCT_BUNDLE_IDENTIFIER = com.Protodevs.TimeSkillsUITests;
				PRODUCT_NAME = "$(TARGET_NAME)";
				SWIFT_VERSION = 3.0;
				TEST_TARGET_NAME = TimeSkills;
			};
			name = Debug;
		};
		9B35D3741F05245C002EFBB0 /* Release */ = {
			isa = XCBuildConfiguration;
			buildSettings = {
				ALWAYS_EMBED_SWIFT_STANDARD_LIBRARIES = YES;
				INFOPLIST_FILE = TimeSkillsUITests/Info.plist;
				LD_RUNPATH_SEARCH_PATHS = "$(inherited) @executable_path/Frameworks @loader_path/Frameworks";
				PRODUCT_BUNDLE_IDENTIFIER = com.Protodevs.TimeSkillsUITests;
				PRODUCT_NAME = "$(TARGET_NAME)";
				SWIFT_VERSION = 3.0;
				TEST_TARGET_NAME = TimeSkills;
			};
			name = Release;
		};
/* End XCBuildConfiguration section */

/* Begin XCConfigurationList section */
		9B35D33F1F05245B002EFBB0 /* Build configuration list for PBXProject "TimeSkills" */ = {
			isa = XCConfigurationList;
			buildConfigurations = (
				9B35D36A1F05245C002EFBB0 /* Debug */,
				9B35D36B1F05245C002EFBB0 /* Release */,
			);
			defaultConfigurationIsVisible = 0;
			defaultConfigurationName = Release;
		};
		9B35D36C1F05245C002EFBB0 /* Build configuration list for PBXNativeTarget "TimeSkills" */ = {
			isa = XCConfigurationList;
			buildConfigurations = (
				9B35D36D1F05245C002EFBB0 /* Debug */,
				9B35D36E1F05245C002EFBB0 /* Release */,
			);
			defaultConfigurationIsVisible = 0;
		};
		9B35D36F1F05245C002EFBB0 /* Build configuration list for PBXNativeTarget "TimeSkillsTests" */ = {
			isa = XCConfigurationList;
			buildConfigurations = (
				9B35D3701F05245C002EFBB0 /* Debug */,
				9B35D3711F05245C002EFBB0 /* Release */,
			);
			defaultConfigurationIsVisible = 0;
		};
		9B35D3721F05245C002EFBB0 /* Build configuration list for PBXNativeTarget "TimeSkillsUITests" */ = {
			isa = XCConfigurationList;
			buildConfigurations = (
				9B35D3731F05245C002EFBB0 /* Debug */,
				9B35D3741F05245C002EFBB0 /* Release */,
			);
			defaultConfigurationIsVisible = 0;
		};
/* End XCConfigurationList section */
	};
	rootObject = 9B35D33C1F05245B002EFBB0 /* Project object */;
}
